// !$*UTF8*$!
{
	archiveVersion = 1;
	classes = {
	};
	objectVersion = 56;
	objects = {

/* Begin PBXBuildFile section */
		D051B85F2AD93F7D00F9B4DC /* TaskViewController.swift in Sources */ = {isa = PBXBuildFile; fileRef = D051B85E2AD93F7D00F9B4DC /* TaskViewController.swift */; };
		D0EC82E72AD80F8E00CF463A /* AppDelegate.swift in Sources */ = {isa = PBXBuildFile; fileRef = D0EC82E62AD80F8E00CF463A /* AppDelegate.swift */; };
		D0EC82E92AD80F8E00CF463A /* SceneDelegate.swift in Sources */ = {isa = PBXBuildFile; fileRef = D0EC82E82AD80F8E00CF463A /* SceneDelegate.swift */; };
		D0EC82EB2AD80F8E00CF463A /* TaksListViewController.swift in Sources */ = {isa = PBXBuildFile; fileRef = D0EC82EA2AD80F8E00CF463A /* TaksListViewController.swift */; };
		D0EC82F12AD80F8E00CF463A /* Lesson_3_6_CoreData.xcdatamodeld in Sources */ = {isa = PBXBuildFile; fileRef = D0EC82EF2AD80F8E00CF463A /* Lesson_3_6_CoreData.xcdatamodeld */; };
		D0EC82F32AD80F8F00CF463A /* Assets.xcassets in Resources */ = {isa = PBXBuildFile; fileRef = D0EC82F22AD80F8F00CF463A /* Assets.xcassets */; };
		D0EC82F62AD80F8F00CF463A /* LaunchScreen.storyboard in Resources */ = {isa = PBXBuildFile; fileRef = D0EC82F42AD80F8F00CF463A /* LaunchScreen.storyboard */; };
/* End PBXBuildFile section */

/* Begin PBXFileReference section */
		D051B85E2AD93F7D00F9B4DC /* TaskViewController.swift */ = {isa = PBXFileReference; lastKnownFileType = sourcecode.swift; path = TaskViewController.swift; sourceTree = "<group>"; };
		D0EC82E32AD80F8E00CF463A /* Lesson 3.6 CoreData.app */ = {isa = PBXFileReference; explicitFileType = wrapper.application; includeInIndex = 0; path = "Lesson 3.6 CoreData.app"; sourceTree = BUILT_PRODUCTS_DIR; };
		D0EC82E62AD80F8E00CF463A /* AppDelegate.swift */ = {isa = PBXFileReference; lastKnownFileType = sourcecode.swift; path = AppDelegate.swift; sourceTree = "<group>"; };
		D0EC82E82AD80F8E00CF463A /* SceneDelegate.swift */ = {isa = PBXFileReference; lastKnownFileType = sourcecode.swift; path = SceneDelegate.swift; sourceTree = "<group>"; };
		D0EC82EA2AD80F8E00CF463A /* TaksListViewController.swift */ = {isa = PBXFileReference; lastKnownFileType = sourcecode.swift; path = TaksListViewController.swift; sourceTree = "<group>"; };
		D0EC82F02AD80F8E00CF463A /* Lesson_3_6_CoreData.xcdatamodel */ = {isa = PBXFileReference; lastKnownFileType = wrapper.xcdatamodel; path = Lesson_3_6_CoreData.xcdatamodel; sourceTree = "<group>"; };
		D0EC82F22AD80F8F00CF463A /* Assets.xcassets */ = {isa = PBXFileReference; lastKnownFileType = folder.assetcatalog; path = Assets.xcassets; sourceTree = "<group>"; };
		D0EC82F52AD80F8F00CF463A /* Base */ = {isa = PBXFileReference; lastKnownFileType = file.storyboard; name = Base; path = Base.lproj/LaunchScreen.storyboard; sourceTree = "<group>"; };
		D0EC82F72AD80F8F00CF463A /* Info.plist */ = {isa = PBXFileReference; lastKnownFileType = text.plist.xml; path = Info.plist; sourceTree = "<group>"; };
/* End PBXFileReference section */

/* Begin PBXFrameworksBuildPhase section */
		D0EC82E02AD80F8E00CF463A /* Frameworks */ = {
			isa = PBXFrameworksBuildPhase;
			buildActionMask = 2147483647;
			files = (
			);
			runOnlyForDeploymentPostprocessing = 0;
		};
/* End PBXFrameworksBuildPhase section */

/* Begin PBXGroup section */
		D0EC82DA2AD80F8E00CF463A = {
			isa = PBXGroup;
			children = (
				D0EC82E52AD80F8E00CF463A /* Lesson 3.6 CoreData */,
				D0EC82E42AD80F8E00CF463A /* Products */,
			);
			sourceTree = "<group>";
		};
		D0EC82E42AD80F8E00CF463A /* Products */ = {
			isa = PBXGroup;
			children = (
				D0EC82E32AD80F8E00CF463A /* Lesson 3.6 CoreData.app */,
			);
			name = Products;
			sourceTree = "<group>";
		};
		D0EC82E52AD80F8E00CF463A /* Lesson 3.6 CoreData */ = {
			isa = PBXGroup;
			children = (
				D0EC82E62AD80F8E00CF463A /* AppDelegate.swift */,
				D0EC82E82AD80F8E00CF463A /* SceneDelegate.swift */,
				D0EC82EA2AD80F8E00CF463A /* TaksListViewController.swift */,
				D051B85E2AD93F7D00F9B4DC /* TaskViewController.swift */,
				D0EC82F22AD80F8F00CF463A /* Assets.xcassets */,
				D0EC82F42AD80F8F00CF463A /* LaunchScreen.storyboard */,
				D0EC82F72AD80F8F00CF463A /* Info.plist */,
				D0EC82EF2AD80F8E00CF463A /* Lesson_3_6_CoreData.xcdatamodeld */,
			);
			path = "Lesson 3.6 CoreData";
			sourceTree = "<group>";
		};
/* End PBXGroup section */

/* Begin PBXNativeTarget section */
		D0EC82E22AD80F8E00CF463A /* Lesson 3.6 CoreData */ = {
			isa = PBXNativeTarget;
			buildConfigurationList = D0EC82FA2AD80F8F00CF463A /* Build configuration list for PBXNativeTarget "Lesson 3.6 CoreData" */;
			buildPhases = (
				D0EC82DF2AD80F8E00CF463A /* Sources */,
				D0EC82E02AD80F8E00CF463A /* Frameworks */,
				D0EC82E12AD80F8E00CF463A /* Resources */,
			);
			buildRules = (
			);
			dependencies = (
			);
			name = "Lesson 3.6 CoreData";
			productName = "Lesson 3.6 CoreData";
			productReference = D0EC82E32AD80F8E00CF463A /* Lesson 3.6 CoreData.app */;
			productType = "com.apple.product-type.application";
		};
/* End PBXNativeTarget section */

/* Begin PBXProject section */
		D0EC82DB2AD80F8E00CF463A /* Project object */ = {
			isa = PBXProject;
			attributes = {
				BuildIndependentTargetsInParallel = 1;
				LastSwiftUpdateCheck = 1500;
				LastUpgradeCheck = 1500;
				TargetAttributes = {
					D0EC82E22AD80F8E00CF463A = {
						CreatedOnToolsVersion = 15.0;
					};
				};
			};
			buildConfigurationList = D0EC82DE2AD80F8E00CF463A /* Build configuration list for PBXProject "Lesson 3.6 CoreData" */;
			compatibilityVersion = "Xcode 14.0";
			developmentRegion = en;
			hasScannedForEncodings = 0;
			knownRegions = (
				en,
				Base,
			);
			mainGroup = D0EC82DA2AD80F8E00CF463A;
			productRefGroup = D0EC82E42AD80F8E00CF463A /* Products */;
			projectDirPath = "";
			projectRoot = "";
			targets = (
				D0EC82E22AD80F8E00CF463A /* Lesson 3.6 CoreData */,
			);
		};
/* End PBXProject section */

/* Begin PBXResourcesBuildPhase section */
		D0EC82E12AD80F8E00CF463A /* Resources */ = {
			isa = PBXResourcesBuildPhase;
			buildActionMask = 2147483647;
			files = (
				D0EC82F62AD80F8F00CF463A /* LaunchScreen.storyboard in Resources */,
				D0EC82F32AD80F8F00CF463A /* Assets.xcassets in Resources */,
			);
			runOnlyForDeploymentPostprocessing = 0;
		};
/* End PBXResourcesBuildPhase section */

/* Begin PBXSourcesBuildPhase section */
		D0EC82DF2AD80F8E00CF463A /* Sources */ = {
			isa = PBXSourcesBuildPhase;
			buildActionMask = 2147483647;
			files = (
				D0EC82EB2AD80F8E00CF463A /* TaksListViewController.swift in Sources */,
				D0EC82E72AD80F8E00CF463A /* AppDelegate.swift in Sources */,
				D051B85F2AD93F7D00F9B4DC /* TaskViewController.swift in Sources */,
				D0EC82F12AD80F8E00CF463A /* Lesson_3_6_CoreData.xcdatamodeld in Sources */,
				D0EC82E92AD80F8E00CF463A /* SceneDelegate.swift in Sources */,
			);
			runOnlyForDeploymentPostprocessing = 0;
		};
/* End PBXSourcesBuildPhase section */

/* Begin PBXVariantGroup section */
		D0EC82F42AD80F8F00CF463A /* LaunchScreen.storyboard */ = {
			isa = PBXVariantGroup;
			children = (
				D0EC82F52AD80F8F00CF463A /* Base */,
			);
			name = LaunchScreen.storyboard;
			sourceTree = "<group>";
		};
/* End PBXVariantGroup section */

/* Begin XCBuildConfiguration section */
		D0EC82F82AD80F8F00CF463A /* Debug */ = {
			isa = XCBuildConfiguration;
			buildSettings = {
				ALWAYS_SEARCH_USER_PATHS = NO;
				ASSETCATALOG_COMPILER_GENERATE_SWIFT_ASSET_SYMBOL_EXTENSIONS = YES;
				CLANG_ANALYZER_NONNULL = YES;
				CLANG_ANALYZER_NUMBER_OBJECT_CONVERSION = YES_AGGRESSIVE;
				CLANG_CXX_LANGUAGE_STANDARD = "gnu++20";
				CLANG_ENABLE_MODULES = YES;
				CLANG_ENABLE_OBJC_ARC = YES;
				CLANG_ENABLE_OBJC_WEAK = YES;
				CLANG_WARN_BLOCK_CAPTURE_AUTORELEASING = YES;
				CLANG_WARN_BOOL_CONVERSION = YES;
				CLANG_WARN_COMMA = YES;
				CLANG_WARN_CONSTANT_CONVERSION = YES;
				CLANG_WARN_DEPRECATED_OBJC_IMPLEMENTATIONS = YES;
				CLANG_WARN_DIRECT_OBJC_ISA_USAGE = YES_ERROR;
				CLANG_WARN_DOCUMENTATION_COMMENTS = YES;
				CLANG_WARN_EMPTY_BODY = YES;
				CLANG_WARN_ENUM_CONVERSION = YES;
				CLANG_WARN_INFINITE_RECURSION = YES;
				CLANG_WARN_INT_CONVERSION = YES;
				CLANG_WARN_NON_LITERAL_NULL_CONVERSION = YES;
				CLANG_WARN_OBJC_IMPLICIT_RETAIN_SELF = YES;
				CLANG_WARN_OBJC_LITERAL_CONVERSION = YES;
				CLANG_WARN_OBJC_ROOT_CLASS = YES_ERROR;
				CLANG_WARN_QUOTED_INCLUDE_IN_FRAMEWORK_HEADER = YES;
				CLANG_WARN_RANGE_LOOP_ANALYSIS = YES;
				CLANG_WARN_STRICT_PROTOTYPES = YES;
				CLANG_WARN_SUSPICIOUS_MOVE = YES;
				CLANG_WARN_UNGUARDED_AVAILABILITY = YES_AGGRESSIVE;
				CLANG_WARN_UNREACHABLE_CODE = YES;
				CLANG_WARN__DUPLICATE_METHOD_MATCH = YES;
				COPY_PHASE_STRIP = NO;
				DEBUG_INFORMATION_FORMAT = dwarf;
				ENABLE_STRICT_OBJC_MSGSEND = YES;
				ENABLE_TESTABILITY = YES;
				ENABLE_USER_SCRIPT_SANDBOXING = YES;
				GCC_C_LANGUAGE_STANDARD = gnu17;
				GCC_DYNAMIC_NO_PIC = NO;
				GCC_NO_COMMON_BLOCKS = YES;
				GCC_OPTIMIZATION_LEVEL = 0;
				GCC_PREPROCESSOR_DEFINITIONS = (
					"DEBUG=1",
					"$(inherited)",
				);
				GCC_WARN_64_TO_32_BIT_CONVERSION = YES;
				GCC_WARN_ABOUT_RETURN_TYPE = YES_ERROR;
				GCC_WARN_UNDECLARED_SELECTOR = YES;
				GCC_WARN_UNINITIALIZED_AUTOS = YES_AGGRESSIVE;
				GCC_WARN_UNUSED_FUNCTION = YES;
				GCC_WARN_UNUSED_VARIABLE = YES;
				IPHONEOS_DEPLOYMENT_TARGET = 17.0;
				LOCALIZATION_PREFERS_STRING_CATALOGS = YES;
				MTL_ENABLE_DEBUG_INFO = INCLUDE_SOURCE;
				MTL_FAST_MATH = YES;
				ONLY_ACTIVE_ARCH = YES;
				SDKROOT = iphoneos;
				SWIFT_ACTIVE_COMPILATION_CONDITIONS = "DEBUG $(inherited)";
				SWIFT_OPTIMIZATION_LEVEL = "-Onone";
			};
			name = Debug;
		};
		D0EC82F92AD80F8F00CF463A /* Release */ = {
			isa = XCBuildConfiguration;
			buildSettings = {
				ALWAYS_SEARCH_USER_PATHS = NO;
				ASSETCATALOG_COMPILER_GENERATE_SWIFT_ASSET_SYMBOL_EXTENSIONS = YES;
				CLANG_ANALYZER_NONNULL = YES;
				CLANG_ANALYZER_NUMBER_OBJECT_CONVERSION = YES_AGGRESSIVE;
				CLANG_CXX_LANGUAGE_STANDARD = "gnu++20";
				CLANG_ENABLE_MODULES = YES;
				CLANG_ENABLE_OBJC_ARC = YES;
				CLANG_ENABLE_OBJC_WEAK = YES;
				CLANG_WARN_BLOCK_CAPTURE_AUTORELEASING = YES;
				CLANG_WARN_BOOL_CONVERSION = YES;
				CLANG_WARN_COMMA = YES;
				CLANG_WARN_CONSTANT_CONVERSION = YES;
				CLANG_WARN_DEPRECATED_OBJC_IMPLEMENTATIONS = YES;
				CLANG_WARN_DIRECT_OBJC_ISA_USAGE = YES_ERROR;
				CLANG_WARN_DOCUMENTATION_COMMENTS = YES;
				CLANG_WARN_EMPTY_BODY = YES;
				CLANG_WARN_ENUM_CONVERSION = YES;
				CLANG_WARN_INFINITE_RECURSION = YES;
				CLANG_WARN_INT_CONVERSION = YES;
				CLANG_WARN_NON_LITERAL_NULL_CONVERSION = YES;
				CLANG_WARN_OBJC_IMPLICIT_RETAIN_SELF = YES;
				CLANG_WARN_OBJC_LITERAL_CONVERSION = YES;
				CLANG_WARN_OBJC_ROOT_CLASS = YES_ERROR;
				CLANG_WARN_QUOTED_INCLUDE_IN_FRAMEWORK_HEADER = YES;
				CLANG_WARN_RANGE_LOOP_ANALYSIS = YES;
				CLANG_WARN_STRICT_PROTOTYPES = YES;
				CLANG_WARN_SUSPICIOUS_MOVE = YES;
				CLANG_WARN_UNGUARDED_AVAILABILITY = YES_AGGRESSIVE;
				CLANG_WARN_UNREACHABLE_CODE = YES;
				CLANG_WARN__DUPLICATE_METHOD_MATCH = YES;
				COPY_PHASE_STRIP = NO;
				DEBUG_INFORMATION_FORMAT = "dwarf-with-dsym";
				ENABLE_NS_ASSERTIONS = NO;
				ENABLE_STRICT_OBJC_MSGSEND = YES;
				ENABLE_USER_SCRIPT_SANDBOXING = YES;
				GCC_C_LANGUAGE_STANDARD = gnu17;
				GCC_NO_COMMON_BLOCKS = YES;
				GCC_WARN_64_TO_32_BIT_CONVERSION = YES;
				GCC_WARN_ABOUT_RETURN_TYPE = YES_ERROR;
				GCC_WARN_UNDECLARED_SELECTOR = YES;
				GCC_WARN_UNINITIALIZED_AUTOS = YES_AGGRESSIVE;
				GCC_WARN_UNUSED_FUNCTION = YES;
				GCC_WARN_UNUSED_VARIABLE = YES;
				IPHONEOS_DEPLOYMENT_TARGET = 17.0;
				LOCALIZATION_PREFERS_STRING_CATALOGS = YES;
				MTL_ENABLE_DEBUG_INFO = NO;
				MTL_FAST_MATH = YES;
				SDKROOT = iphoneos;
				SWIFT_COMPILATION_MODE = wholemodule;
				VALIDATE_PRODUCT = YES;
			};
			name = Release;
		};
		D0EC82FB2AD80F8F00CF463A /* Debug */ = {
			isa = XCBuildConfiguration;
			buildSettings = {
				ASSETCATALOG_COMPILER_APPICON_NAME = AppIcon;
				ASSETCATALOG_COMPILER_GLOBAL_ACCENT_COLOR_NAME = AccentColor;
				CODE_SIGN_STYLE = Automatic;
				CURRENT_PROJECT_VERSION = 1;
				DEVELOPMENT_TEAM = 59RY2LTB65;
				GENERATE_INFOPLIST_FILE = YES;
				INFOPLIST_FILE = "Lesson 3.6 CoreData/Info.plist";
				INFOPLIST_KEY_UIApplicationSupportsIndirectInputEvents = YES;
				INFOPLIST_KEY_UILaunchStoryboardName = LaunchScreen;
				INFOPLIST_KEY_UIStatusBarStyle = UIStatusBarStyleLightContent;
				INFOPLIST_KEY_UISupportedInterfaceOrientations_iPad = "UIInterfaceOrientationPortrait UIInterfaceOrientationPortraitUpsideDown UIInterfaceOrientationLandscapeLeft UIInterfaceOrientationLandscapeRight";
				INFOPLIST_KEY_UISupportedInterfaceOrientations_iPhone = "UIInterfaceOrientationPortrait UIInterfaceOrientationLandscapeLeft UIInterfaceOrientationLandscapeRight";
				IPHONEOS_DEPLOYMENT_TARGET = 16.2;
				LD_RUNPATH_SEARCH_PATHS = (
					"$(inherited)",
					"@executable_path/Frameworks",
				);
				MARKETING_VERSION = 1.0;
				PRODUCT_BUNDLE_IDENTIFIER = "swiftBook.Lesson-3-6-CoreData";
				PRODUCT_NAME = "$(TARGET_NAME)";
				SUPPORTED_PLATFORMS = "iphoneos iphonesimulator";
				SUPPORTS_MACCATALYST = NO;
				SUPPORTS_MAC_DESIGNED_FOR_IPHONE_IPAD = NO;
				SWIFT_EMIT_LOC_STRINGS = YES;
				SWIFT_VERSION = 5.0;
				TARGETED_DEVICE_FAMILY = 1;
			};
			name = Debug;
		};
		D0EC82FC2AD80F8F00CF463A /* Release */ = {
			isa = XCBuildConfiguration;
			buildSettings = {
				ASSETCATALOG_COMPILER_APPICON_NAME = AppIcon;
				ASSETCATALOG_COMPILER_GLOBAL_ACCENT_COLOR_NAME = AccentColor;
				CODE_SIGN_STYLE = Automatic;
				CURRENT_PROJECT_VERSION = 1;
				DEVELOPMENT_TEAM = 59RY2LTB65;
				GENERATE_INFOPLIST_FILE = YES;
				INFOPLIST_FILE = "Lesson 3.6 CoreData/Info.plist";
				INFOPLIST_KEY_UIApplicationSupportsIndirectInputEvents = YES;
				INFOPLIST_KEY_UILaunchStoryboardName = LaunchScreen;
				INFOPLIST_KEY_UIStatusBarStyle = UIStatusBarStyleLightContent;
				INFOPLIST_KEY_UISupportedInterfaceOrientations_iPad = "UIInterfaceOrientationPortrait UIInterfaceOrientationPortraitUpsideDown UIInterfaceOrientationLandscapeLeft UIInterfaceOrientationLandscapeRight";
				INFOPLIST_KEY_UISupportedInterfaceOrientations_iPhone = "UIInterfaceOrientationPortrait UIInterfaceOrientationLandscapeLeft UIInterfaceOrientationLandscapeRight";
				IPHONEOS_DEPLOYMENT_TARGET = 16.2;
				LD_RUNPATH_SEARCH_PATHS = (
					"$(inherited)",
					"@executable_path/Frameworks",
				);
				MARKETING_VERSION = 1.0;
				PRODUCT_BUNDLE_IDENTIFIER = "swiftBook.Lesson-3-6-CoreData";
				PRODUCT_NAME = "$(TARGET_NAME)";
				SUPPORTED_PLATFORMS = "iphoneos iphonesimulator";
				SUPPORTS_MACCATALYST = NO;
				SUPPORTS_MAC_DESIGNED_FOR_IPHONE_IPAD = NO;
				SWIFT_EMIT_LOC_STRINGS = YES;
				SWIFT_VERSION = 5.0;
				TARGETED_DEVICE_FAMILY = 1;
			};
			name = Release;
		};
/* End XCBuildConfiguration section */

/* Begin XCConfigurationList section */
		D0EC82DE2AD80F8E00CF463A /* Build configuration list for PBXProject "Lesson 3.6 CoreData" */ = {
			isa = XCConfigurationList;
			buildConfigurations = (
				D0EC82F82AD80F8F00CF463A /* Debug */,
				D0EC82F92AD80F8F00CF463A /* Release */,
			);
			defaultConfigurationIsVisible = 0;
			defaultConfigurationName = Release;
		};
		D0EC82FA2AD80F8F00CF463A /* Build configuration list for PBXNativeTarget "Lesson 3.6 CoreData" */ = {
			isa = XCConfigurationList;
			buildConfigurations = (
				D0EC82FB2AD80F8F00CF463A /* Debug */,
				D0EC82FC2AD80F8F00CF463A /* Release */,
			);
			defaultConfigurationIsVisible = 0;
			defaultConfigurationName = Release;
		};
/* End XCConfigurationList section */

/* Begin XCVersionGroup section */
		D0EC82EF2AD80F8E00CF463A /* Lesson_3_6_CoreData.xcdatamodeld */ = {
			isa = XCVersionGroup;
			children = (
				D0EC82F02AD80F8E00CF463A /* Lesson_3_6_CoreData.xcdatamodel */,
			);
			currentVersion = D0EC82F02AD80F8E00CF463A /* Lesson_3_6_CoreData.xcdatamodel */;
			path = Lesson_3_6_CoreData.xcdatamodeld;
			sourceTree = "<group>";
			versionGroupType = wrapper.xcdatamodel;
		};
/* End XCVersionGroup section */
	};
	rootObject = D0EC82DB2AD80F8E00CF463A /* Project object */;
}
